
Microsoft Visual Studio Solution File, Format Version 12.00
# Visual Studio Version 17
VisualStudioVersion = 17.14.36301.6 d17.14
MinimumVisualStudioVersion = 10.0.40219.1
Project("{FAE04EC0-301F-11D3-BF4B-00C04F79EFBC}") = "RealEstate_Dapper_Api", "RealEstate_Dapper_Api\RealEstate_Dapper_Api.csproj", "{D44D97BC-170F-4555-AEFB-76D947E2084A}"
EndProject
Project("{FAE04EC0-301F-11D3-BF4B-00C04F79EFBC}") = "RealEstate_Dapper_UI", "RealEstate_Dapper_UI\RealEstate_Dapper_UI.csproj", "{738965D5-8249-409B-9CA4-6359971F4646}"
EndProject
Global
	GlobalSection(SolutionConfigurationPlatforms) = preSolution
		Debug|Any CPU = Debug|Any CPU
		Release|Any CPU = Release|Any CPU
	EndGlobalSection
	GlobalSection(ProjectConfigurationPlatforms) = postSolution
		{D44D97BC-170F-4555-AEFB-76D947E2084A}.Debug|Any CPU.ActiveCfg = Debug|Any CPU
		{D44D97BC-170F-4555-AEFB-76D947E2084A}.Debug|Any CPU.Build.0 = Debug|Any CPU
		{D44D97BC-170F-4555-AEFB-76D947E2084A}.Release|Any CPU.ActiveCfg = Release|Any CPU
		{D44D97BC-170F-4555-AEFB-76D947E2084A}.Release|Any CPU.Build.0 = Release|Any CPU
		{738965D5-8249-409B-9CA4-6359971F4646}.Debug|Any CPU.ActiveCfg = Debug|Any CPU
		{738965D5-8249-409B-9CA4-6359971F4646}.Debug|Any CPU.Build.0 = Debug|Any CPU
		{738965D5-8249-409B-9CA4-6359971F4646}.Release|Any CPU.ActiveCfg = Release|Any CPU
		{738965D5-8249-409B-9CA4-6359971F4646}.Release|Any CPU.Build.0 = Release|Any CPU
	EndGlobalSection
	GlobalSection(SolutionProperties) = preSolution
		HideSolutionNode = FALSE
	EndGlobalSection
	GlobalSection(ExtensibilityGlobals) = postSolution
		SolutionGuid = {8B51395C-991E-45CC-B8D8-9827E6C401A6}
	EndGlobalSection
EndGlobal
